{
    "_readme": [
        "This file locks the dependencies of your project to a known state",
        "Read more about it at http://getcomposer.org/doc/01-basic-usage.md#composer-lock-the-lock-file",
        "This file is @generated automatically"
    ],
    "hash": "fc88117d82f33cc60f5f939c6468ff12",
    "packages": [
        {
            "name": "cpliakas/git-wrapper",
            "version": "1.3.0",
            "source": {
                "type": "git",
                "url": "https://github.com/cpliakas/git-wrapper.git",
                "reference": "b948fb7018ead3b2820233333b208cf03b7ee092"
            },
            "dist": {
                "type": "zip",
                "url": "https://api.github.com/repos/cpliakas/git-wrapper/zipball/b948fb7018ead3b2820233333b208cf03b7ee092",
                "reference": "b948fb7018ead3b2820233333b208cf03b7ee092",
                "shasum": ""
            },
            "require": {
                "php": ">=5.3.0",
                "symfony/event-dispatcher": ">=2.3",
                "symfony/process": ">=2.3"
            },
            "require-dev": {
                "pdepend/pdepend": "~1.0",
                "phploc/phploc": "~2.0",
                "phpmd/phpmd": "~1.0",
                "phpunit/phpunit": "~3.0",
                "psr/log": "~1.0",
                "satooshi/php-coveralls": "*",
                "sebastian/phpcpd": "~2.0",
                "symfony/filesystem": "~2.0"
            },
            "suggest": {
                "monolog/monolog": "Enables logging of executed git commands"
            },
            "type": "library",
            "autoload": {
                "psr-0": {
                    "GitWrapper": "src/"
                }
            },
            "notification-url": "https://packagist.org/downloads/",
            "license": [
                "MIT"
            ],
            "authors": [
                {
                    "name": "Chris Pliakas",
                    "email": "opensource@chrispliakas.com",
                    "role": "Project lead"
                }
            ],
            "description": "A PHP wrapper around the Git command line utility.",
            "homepage": "https://github.com/cpliakas/git-wrapper",
            "keywords": [
                "git"
            ],
            "time": "2014-07-10 21:15:02"
        },
        {
            "name": "symfony/event-dispatcher",
            "version": "dev-master",
            "target-dir": "Symfony/Component/EventDispatcher",
            "source": {
                "type": "git",
                "url": "https://github.com/symfony/EventDispatcher.git",
                "reference": "294bdb3cb597536221354a5382f1b90e6dc9bb95"
            },
            "dist": {
                "type": "zip",
                "url": "https://api.github.com/repos/symfony/EventDispatcher/zipball/294bdb3cb597536221354a5382f1b90e6dc9bb95",
                "reference": "294bdb3cb597536221354a5382f1b90e6dc9bb95",
                "shasum": ""
            },
            "require": {
                "php": ">=5.3.3"
            },
            "require-dev": {
                "psr/log": "~1.0",
                "symfony/config": "~2.0",
                "symfony/dependency-injection": "~2.6",
                "symfony/expression-language": "~2.6",
                "symfony/stopwatch": "~2.2"
            },
            "suggest": {
                "symfony/dependency-injection": "",
                "symfony/http-kernel": ""
            },
            "type": "library",
            "extra": {
                "branch-alias": {
                    "dev-master": "2.6-dev"
                }
            },
            "autoload": {
                "psr-0": {
                    "Symfony\\Component\\EventDispatcher\\": ""
                }
            },
            "notification-url": "https://packagist.org/downloads/",
            "license": [
                "MIT"
            ],
            "authors": [
                {
                    "name": "Symfony Community",
                    "homepage": "http://symfony.com/contributors"
                },
                {
                    "name": "Fabien Potencier",
                    "email": "fabien@symfony.com"
                }
            ],
            "description": "Symfony EventDispatcher Component",
            "homepage": "http://symfony.com",
            "time": "2014-10-26 07:50:57"
        },
        {
            "name": "symfony/process",
            "version": "dev-master",
            "target-dir": "Symfony/Component/Process",
            "source": {
                "type": "git",
                "url": "https://github.com/symfony/Process.git",
                "reference": "2f0db541a7de08dbe5a4b55acfbaf8e3e6b029d9"
            },
            "dist": {
                "type": "zip",
                "url": "https://api.github.com/repos/symfony/Process/zipball/2f0db541a7de08dbe5a4b55acfbaf8e3e6b029d9",
                "reference": "2f0db541a7de08dbe5a4b55acfbaf8e3e6b029d9",
                "shasum": ""
            },
            "require": {
                "php": ">=5.3.3"
            },
            "type": "library",
            "extra": {
                "branch-alias": {
                    "dev-master": "2.6-dev"
                }
            },
            "autoload": {
                "psr-0": {
                    "Symfony\\Component\\Process\\": ""
                }
            },
            "notification-url": "https://packagist.org/downloads/",
            "license": [
                "MIT"
            ],
            "authors": [
                {
                    "name": "Symfony Community",
                    "homepage": "http://symfony.com/contributors"
                },
                {
                    "name": "Fabien Potencier",
                    "email": "fabien@symfony.com"
                }
            ],
            "description": "Symfony Process Component",
            "homepage": "http://symfony.com",
            "time": "2014-10-01 05:53:11"
        }
    ],
    "packages-dev": [],
    "aliases": [],
    "minimum-stability": "dev",
    "stability-flags": [],
    "prefer-stable": false,
    "platform": [],
    "platform-dev": []
}
